// !$*UTF8*$!
{
	archiveVersion = 1;
	classes = {
	};
	objectVersion = 56;
	objects = {

/* Begin PBXBuildFile section */
		5C3368DD299ABC700042A234 /* ServiceDetailsModel.swift in Sources */ = {isa = PBXBuildFile; fileRef = 5C3368DC299ABC700042A234 /* ServiceDetailsModel.swift */; };
		5C3368E0299D49810042A234 /* ServiceCollectionViewCell.swift in Sources */ = {isa = PBXBuildFile; fileRef = 5C3368DF299D49810042A234 /* ServiceCollectionViewCell.swift */; };
		5C3368E2299D49930042A234 /* PopularCollectionViewCell.swift in Sources */ = {isa = PBXBuildFile; fileRef = 5C3368E1299D49930042A234 /* PopularCollectionViewCell.swift */; };
		5C3368E4299D499E0042A234 /* PostCollectionViewCell.swift in Sources */ = {isa = PBXBuildFile; fileRef = 5C3368E3299D499E0042A234 /* PostCollectionViewCell.swift */; };
		5CA7F7B12996E1F00033D92A /* AppDelegate.swift in Sources */ = {isa = PBXBuildFile; fileRef = 5CA7F7B02996E1F00033D92A /* AppDelegate.swift */; };
		5CA7F7B32996E1F00033D92A /* SceneDelegate.swift in Sources */ = {isa = PBXBuildFile; fileRef = 5CA7F7B22996E1F00033D92A /* SceneDelegate.swift */; };
		5CA7F7B52996E1F00033D92A /* MainViewController.swift in Sources */ = {isa = PBXBuildFile; fileRef = 5CA7F7B42996E1F00033D92A /* MainViewController.swift */; };
		5CA7F7B82996E1F00033D92A /* Main.storyboard in Resources */ = {isa = PBXBuildFile; fileRef = 5CA7F7B62996E1F00033D92A /* Main.storyboard */; };
		5CA7F7BA2996E1F00033D92A /* Assets.xcassets in Resources */ = {isa = PBXBuildFile; fileRef = 5CA7F7B92996E1F00033D92A /* Assets.xcassets */; };
		5CA7F7BD2996E1F00033D92A /* LaunchScreen.storyboard in Resources */ = {isa = PBXBuildFile; fileRef = 5CA7F7BB2996E1F00033D92A /* LaunchScreen.storyboard */; };
		5CA7F7CC2996E29E0033D92A /* MainModel.swift in Sources */ = {isa = PBXBuildFile; fileRef = 5CA7F7CB2996E29E0033D92A /* MainModel.swift */; };
		5CA7F7D12996E48D0033D92A /* MainWebservice.swift in Sources */ = {isa = PBXBuildFile; fileRef = 5CA7F7D02996E48D0033D92A /* MainWebservice.swift */; };
		5CA7F7D32996E8260033D92A /* Constant.swift in Sources */ = {isa = PBXBuildFile; fileRef = 5CA7F7D22996E8260033D92A /* Constant.swift */; };
		5CA7F7D52996F9980033D92A /* MainViewModel.swift in Sources */ = {isa = PBXBuildFile; fileRef = 5CA7F7D42996F9980033D92A /* MainViewModel.swift */; };
		5CC22E5F29A0168600AB9D91 /* SDWebImage in Frameworks */ = {isa = PBXBuildFile; productRef = 5CC22E5E29A0168600AB9D91 /* SDWebImage */; };
		5CC22E6129A01DE900AB9D91 /* ServiceInfoModel.swift in Sources */ = {isa = PBXBuildFile; fileRef = 5CC22E6029A01DE900AB9D91 /* ServiceInfoModel.swift */; };
		5CC22E6329A1114400AB9D91 /* DetailsViewController.swift in Sources */ = {isa = PBXBuildFile; fileRef = 5CC22E6229A1114400AB9D91 /* DetailsViewController.swift */; };
		5CDC47F329AE854000CE69BD /* video-team.mp4 in Resources */ = {isa = PBXBuildFile; fileRef = 5CDC47F229AE854000CE69BD /* video-team.mp4 */; };
/* End PBXBuildFile section */

/* Begin PBXFileReference section */
		5C3368DC299ABC700042A234 /* ServiceDetailsModel.swift */ = {isa = PBXFileReference; lastKnownFileType = sourcecode.swift; path = ServiceDetailsModel.swift; sourceTree = "<group>"; };
		5C3368DF299D49810042A234 /* ServiceCollectionViewCell.swift */ = {isa = PBXFileReference; lastKnownFileType = sourcecode.swift; path = ServiceCollectionViewCell.swift; sourceTree = "<group>"; };
		5C3368E1299D49930042A234 /* PopularCollectionViewCell.swift */ = {isa = PBXFileReference; lastKnownFileType = sourcecode.swift; path = PopularCollectionViewCell.swift; sourceTree = "<group>"; };
		5C3368E3299D499E0042A234 /* PostCollectionViewCell.swift */ = {isa = PBXFileReference; lastKnownFileType = sourcecode.swift; path = PostCollectionViewCell.swift; sourceTree = "<group>"; };
		5CA7F7AD2996E1F00033D92A /* LimonApp.app */ = {isa = PBXFileReference; explicitFileType = wrapper.application; includeInIndex = 0; path = LimonApp.app; sourceTree = BUILT_PRODUCTS_DIR; };
		5CA7F7B02996E1F00033D92A /* AppDelegate.swift */ = {isa = PBXFileReference; lastKnownFileType = sourcecode.swift; path = AppDelegate.swift; sourceTree = "<group>"; };
		5CA7F7B22996E1F00033D92A /* SceneDelegate.swift */ = {isa = PBXFileReference; lastKnownFileType = sourcecode.swift; path = SceneDelegate.swift; sourceTree = "<group>"; };
		5CA7F7B42996E1F00033D92A /* MainViewController.swift */ = {isa = PBXFileReference; lastKnownFileType = sourcecode.swift; path = MainViewController.swift; sourceTree = "<group>"; };
		5CA7F7B72996E1F00033D92A /* Base */ = {isa = PBXFileReference; lastKnownFileType = file.storyboard; name = Base; path = Base.lproj/Main.storyboard; sourceTree = "<group>"; };
		5CA7F7B92996E1F00033D92A /* Assets.xcassets */ = {isa = PBXFileReference; lastKnownFileType = folder.assetcatalog; path = Assets.xcassets; sourceTree = "<group>"; };
		5CA7F7BC2996E1F00033D92A /* Base */ = {isa = PBXFileReference; lastKnownFileType = file.storyboard; name = Base; path = Base.lproj/LaunchScreen.storyboard; sourceTree = "<group>"; };
		5CA7F7BE2996E1F00033D92A /* Info.plist */ = {isa = PBXFileReference; lastKnownFileType = text.plist.xml; path = Info.plist; sourceTree = "<group>"; };
		5CA7F7CB2996E29E0033D92A /* MainModel.swift */ = {isa = PBXFileReference; lastKnownFileType = sourcecode.swift; path = MainModel.swift; sourceTree = "<group>"; };
		5CA7F7D02996E48D0033D92A /* MainWebservice.swift */ = {isa = PBXFileReference; lastKnownFileType = sourcecode.swift; path = MainWebservice.swift; sourceTree = "<group>"; };
		5CA7F7D22996E8260033D92A /* Constant.swift */ = {isa = PBXFileReference; lastKnownFileType = sourcecode.swift; path = Constant.swift; sourceTree = "<group>"; };
		5CA7F7D42996F9980033D92A /* MainViewModel.swift */ = {isa = PBXFileReference; lastKnownFileType = sourcecode.swift; path = MainViewModel.swift; sourceTree = "<group>"; };
		5CC22E6029A01DE900AB9D91 /* ServiceInfoModel.swift */ = {isa = PBXFileReference; lastKnownFileType = sourcecode.swift; path = ServiceInfoModel.swift; sourceTree = "<group>"; };
		5CC22E6229A1114400AB9D91 /* DetailsViewController.swift */ = {isa = PBXFileReference; lastKnownFileType = sourcecode.swift; path = DetailsViewController.swift; sourceTree = "<group>"; };
		5CDC47F229AE854000CE69BD /* video-team.mp4 */ = {isa = PBXFileReference; lastKnownFileType = file; path = "video-team.mp4"; sourceTree = "<group>"; };
/* End PBXFileReference section */

/* Begin PBXFrameworksBuildPhase section */
		5CA7F7AA2996E1F00033D92A /* Frameworks */ = {
			isa = PBXFrameworksBuildPhase;
			buildActionMask = 2147483647;
			files = (
				5CC22E5F29A0168600AB9D91 /* SDWebImage in Frameworks */,
			);
			runOnlyForDeploymentPostprocessing = 0;
		};
/* End PBXFrameworksBuildPhase section */

/* Begin PBXGroup section */
		5C3368DE299D494F0042A234 /* CollectionViewCells */ = {
			isa = PBXGroup;
			children = (
				5C3368DF299D49810042A234 /* ServiceCollectionViewCell.swift */,
				5C3368E1299D49930042A234 /* PopularCollectionViewCell.swift */,
				5C3368E3299D499E0042A234 /* PostCollectionViewCell.swift */,
			);
			path = CollectionViewCells;
			sourceTree = "<group>";
		};
		5CA7F7A42996E1F00033D92A = {
			isa = PBXGroup;
			children = (
				5CA7F7AF2996E1F00033D92A /* LimonApp */,
				5CA7F7AE2996E1F00033D92A /* Products */,
			);
			sourceTree = "<group>";
		};
		5CA7F7AE2996E1F00033D92A /* Products */ = {
			isa = PBXGroup;
			children = (
				5CA7F7AD2996E1F00033D92A /* LimonApp.app */,
			);
			name = Products;
			sourceTree = "<group>";
		};
		5CA7F7AF2996E1F00033D92A /* LimonApp */ = {
			isa = PBXGroup;
			children = (
				5CD901B129AA6F280086DD51 /* Media */,
				5CA7F7CA2996E2830033D92A /* Constant */,
				5CA7F7C92996E27D0033D92A /* Webservice */,
				5CA7F7C82996E2720033D92A /* ViewModels */,
				5CA7F7C72996E26C0033D92A /* Models */,
				5CA7F7C62996E25C0033D92A /* Controllers */,
				5CA7F7C52996E24F0033D92A /* Views */,
				5CA7F7C42996E2340033D92A /* Resources */,
			);
			path = LimonApp;
			sourceTree = "<group>";
		};
		5CA7F7C42996E2340033D92A /* Resources */ = {
			isa = PBXGroup;
			children = (
				5CA7F7B92996E1F00033D92A /* Assets.xcassets */,
				5CA7F7B02996E1F00033D92A /* AppDelegate.swift */,
				5CA7F7B22996E1F00033D92A /* SceneDelegate.swift */,
				5CA7F7BE2996E1F00033D92A /* Info.plist */,
			);
			path = Resources;
			sourceTree = "<group>";
		};
		5CA7F7C52996E24F0033D92A /* Views */ = {
			isa = PBXGroup;
			children = (
				5C3368DE299D494F0042A234 /* CollectionViewCells */,
				5CA7F7B62996E1F00033D92A /* Main.storyboard */,
				5CA7F7BB2996E1F00033D92A /* LaunchScreen.storyboard */,
			);
			path = Views;
			sourceTree = "<group>";
		};
		5CA7F7C62996E25C0033D92A /* Controllers */ = {
			isa = PBXGroup;
			children = (
				5CA7F7B42996E1F00033D92A /* MainViewController.swift */,
				5CC22E6229A1114400AB9D91 /* DetailsViewController.swift */,
			);
			path = Controllers;
			sourceTree = "<group>";
		};
		5CA7F7C72996E26C0033D92A /* Models */ = {
			isa = PBXGroup;
			children = (
				5CA7F7CB2996E29E0033D92A /* MainModel.swift */,
				5C3368DC299ABC700042A234 /* ServiceDetailsModel.swift */,
				5CC22E6029A01DE900AB9D91 /* ServiceInfoModel.swift */,
			);
			path = Models;
			sourceTree = "<group>";
		};
		5CA7F7C82996E2720033D92A /* ViewModels */ = {
			isa = PBXGroup;
			children = (
				5CA7F7D42996F9980033D92A /* MainViewModel.swift */,
			);
			path = ViewModels;
			sourceTree = "<group>";
		};
		5CA7F7C92996E27D0033D92A /* Webservice */ = {
			isa = PBXGroup;
			children = (
				5CA7F7D02996E48D0033D92A /* MainWebservice.swift */,
			);
			path = Webservice;
			sourceTree = "<group>";
		};
		5CA7F7CA2996E2830033D92A /* Constant */ = {
			isa = PBXGroup;
			children = (
				5CA7F7D22996E8260033D92A /* Constant.swift */,
			);
			path = Constant;
			sourceTree = "<group>";
		};
		5CD901B129AA6F280086DD51 /* Media */ = {
			isa = PBXGroup;
			children = (
				5CDC47F229AE854000CE69BD /* video-team.mp4 */,
			);
			path = Media;
			sourceTree = "<group>";
		};
/* End PBXGroup section */

/* Begin PBXNativeTarget section */
		5CA7F7AC2996E1F00033D92A /* LimonApp */ = {
			isa = PBXNativeTarget;
			buildConfigurationList = 5CA7F7C12996E1F00033D92A /* Build configuration list for PBXNativeTarget "LimonApp" */;
			buildPhases = (
				5CA7F7A92996E1F00033D92A /* Sources */,
				5CA7F7AA2996E1F00033D92A /* Frameworks */,
				5CA7F7AB2996E1F00033D92A /* Resources */,
			);
			buildRules = (
			);
			dependencies = (
			);
			name = LimonApp;
			packageProductDependencies = (
				5CC22E5E29A0168600AB9D91 /* SDWebImage */,
			);
			productName = LimonApp;
			productReference = 5CA7F7AD2996E1F00033D92A /* LimonApp.app */;
			productType = "com.apple.product-type.application";
		};
/* End PBXNativeTarget section */

/* Begin PBXProject section */
		5CA7F7A52996E1F00033D92A /* Project object */ = {
			isa = PBXProject;
			attributes = {
				BuildIndependentTargetsInParallel = 1;
				LastSwiftUpdateCheck = 1400;
				LastUpgradeCheck = 1400;
				TargetAttributes = {
					5CA7F7AC2996E1F00033D92A = {
						CreatedOnToolsVersion = 14.0.1;
					};
				};
			};
			buildConfigurationList = 5CA7F7A82996E1F00033D92A /* Build configuration list for PBXProject "LimonApp" */;
			compatibilityVersion = "Xcode 14.0";
			developmentRegion = en;
			hasScannedForEncodings = 0;
			knownRegions = (
				en,
				Base,
			);
			mainGroup = 5CA7F7A42996E1F00033D92A;
			packageReferences = (
				5CC22E5D29A0168600AB9D91 /* XCRemoteSwiftPackageReference "SDWebImage" */,
			);
			productRefGroup = 5CA7F7AE2996E1F00033D92A /* Products */;
			projectDirPath = "";
			projectRoot = "";
			targets = (
				5CA7F7AC2996E1F00033D92A /* LimonApp */,
			);
		};
/* End PBXProject section */

/* Begin PBXResourcesBuildPhase section */
		5CA7F7AB2996E1F00033D92A /* Resources */ = {
			isa = PBXResourcesBuildPhase;
			buildActionMask = 2147483647;
			files = (
				5CDC47F329AE854000CE69BD /* video-team.mp4 in Resources */,
				5CA7F7BD2996E1F00033D92A /* LaunchScreen.storyboard in Resources */,
				5CA7F7BA2996E1F00033D92A /* Assets.xcassets in Resources */,
				5CA7F7B82996E1F00033D92A /* Main.storyboard in Resources */,
			);
			runOnlyForDeploymentPostprocessing = 0;
		};
/* End PBXResourcesBuildPhase section */

/* Begin PBXSourcesBuildPhase section */
		5CA7F7A92996E1F00033D92A /* Sources */ = {
			isa = PBXSourcesBuildPhase;
			buildActionMask = 2147483647;
			files = (
				5CA7F7D32996E8260033D92A /* Constant.swift in Sources */,
				5CA7F7B52996E1F00033D92A /* MainViewController.swift in Sources */,
				5C3368E2299D49930042A234 /* PopularCollectionViewCell.swift in Sources */,
				5CC22E6129A01DE900AB9D91 /* ServiceInfoModel.swift in Sources */,
				5CA7F7D12996E48D0033D92A /* MainWebservice.swift in Sources */,
				5CA7F7B12996E1F00033D92A /* AppDelegate.swift in Sources */,
				5C3368E0299D49810042A234 /* ServiceCollectionViewCell.swift in Sources */,
				5CA7F7CC2996E29E0033D92A /* MainModel.swift in Sources */,
				5CA7F7B32996E1F00033D92A /* SceneDelegate.swift in Sources */,
				5C3368E4299D499E0042A234 /* PostCollectionViewCell.swift in Sources */,
				5C3368DD299ABC700042A234 /* ServiceDetailsModel.swift in Sources */,
				5CC22E6329A1114400AB9D91 /* DetailsViewController.swift in Sources */,
				5CA7F7D52996F9980033D92A /* MainViewModel.swift in Sources */,
			);
			runOnlyForDeploymentPostprocessing = 0;
		};
/* End PBXSourcesBuildPhase section */

/* Begin PBXVariantGroup section */
		5CA7F7B62996E1F00033D92A /* Main.storyboard */ = {
			isa = PBXVariantGroup;
			children = (
				5CA7F7B72996E1F00033D92A /* Base */,
			);
			name = Main.storyboard;
			sourceTree = "<group>";
		};
		5CA7F7BB2996E1F00033D92A /* LaunchScreen.storyboard */ = {
			isa = PBXVariantGroup;
			children = (
				5CA7F7BC2996E1F00033D92A /* Base */,
			);
			name = LaunchScreen.storyboard;
			sourceTree = "<group>";
		};
/* End PBXVariantGroup section */

/* Begin XCBuildConfiguration section */
		5CA7F7BF2996E1F00033D92A /* Debug */ = {
			isa = XCBuildConfiguration;
			buildSettings = {
				ALWAYS_SEARCH_USER_PATHS = NO;
				CLANG_ANALYZER_NONNULL = YES;
				CLANG_ANALYZER_NUMBER_OBJECT_CONVERSION = YES_AGGRESSIVE;
				CLANG_CXX_LANGUAGE_STANDARD = "gnu++20";
				CLANG_ENABLE_MODULES = YES;
				CLANG_ENABLE_OBJC_ARC = YES;
				CLANG_ENABLE_OBJC_WEAK = YES;
				CLANG_WARN_BLOCK_CAPTURE_AUTORELEASING = YES;
				CLANG_WARN_BOOL_CONVERSION = YES;
				CLANG_WARN_COMMA = YES;
				CLANG_WARN_CONSTANT_CONVERSION = YES;
				CLANG_WARN_DEPRECATED_OBJC_IMPLEMENTATIONS = YES;
				CLANG_WARN_DIRECT_OBJC_ISA_USAGE = YES_ERROR;
				CLANG_WARN_DOCUMENTATION_COMMENTS = YES;
				CLANG_WARN_EMPTY_BODY = YES;
				CLANG_WARN_ENUM_CONVERSION = YES;
				CLANG_WARN_INFINITE_RECURSION = YES;
				CLANG_WARN_INT_CONVERSION = YES;
				CLANG_WARN_NON_LITERAL_NULL_CONVERSION = YES;
				CLANG_WARN_OBJC_IMPLICIT_RETAIN_SELF = YES;
				CLANG_WARN_OBJC_LITERAL_CONVERSION = YES;
				CLANG_WARN_OBJC_ROOT_CLASS = YES_ERROR;
				CLANG_WARN_QUOTED_INCLUDE_IN_FRAMEWORK_HEADER = YES;
				CLANG_WARN_RANGE_LOOP_ANALYSIS = YES;
				CLANG_WARN_STRICT_PROTOTYPES = YES;
				CLANG_WARN_SUSPICIOUS_MOVE = YES;
				CLANG_WARN_UNGUARDED_AVAILABILITY = YES_AGGRESSIVE;
				CLANG_WARN_UNREACHABLE_CODE = YES;
				CLANG_WARN__DUPLICATE_METHOD_MATCH = YES;
				COPY_PHASE_STRIP = NO;
				DEBUG_INFORMATION_FORMAT = dwarf;
				ENABLE_STRICT_OBJC_MSGSEND = YES;
				ENABLE_TESTABILITY = YES;
				GCC_C_LANGUAGE_STANDARD = gnu11;
				GCC_DYNAMIC_NO_PIC = NO;
				GCC_NO_COMMON_BLOCKS = YES;
				GCC_OPTIMIZATION_LEVEL = 0;
				GCC_PREPROCESSOR_DEFINITIONS = (
					"DEBUG=1",
					"$(inherited)",
				);
				GCC_WARN_64_TO_32_BIT_CONVERSION = YES;
				GCC_WARN_ABOUT_RETURN_TYPE = YES_ERROR;
				GCC_WARN_UNDECLARED_SELECTOR = YES;
				GCC_WARN_UNINITIALIZED_AUTOS = YES_AGGRESSIVE;
				GCC_WARN_UNUSED_FUNCTION = YES;
				GCC_WARN_UNUSED_VARIABLE = YES;
				IPHONEOS_DEPLOYMENT_TARGET = 16.0;
				MTL_ENABLE_DEBUG_INFO = INCLUDE_SOURCE;
				MTL_FAST_MATH = YES;
				ONLY_ACTIVE_ARCH = YES;
				SDKROOT = iphoneos;
				SWIFT_ACTIVE_COMPILATION_CONDITIONS = DEBUG;
				SWIFT_OPTIMIZATION_LEVEL = "-Onone";
			};
			name = Debug;
		};
		5CA7F7C02996E1F00033D92A /* Release */ = {
			isa = XCBuildConfiguration;
			buildSettings = {
				ALWAYS_SEARCH_USER_PATHS = NO;
				CLANG_ANALYZER_NONNULL = YES;
				CLANG_ANALYZER_NUMBER_OBJECT_CONVERSION = YES_AGGRESSIVE;
				CLANG_CXX_LANGUAGE_STANDARD = "gnu++20";
				CLANG_ENABLE_MODULES = YES;
				CLANG_ENABLE_OBJC_ARC = YES;
				CLANG_ENABLE_OBJC_WEAK = YES;
				CLANG_WARN_BLOCK_CAPTURE_AUTORELEASING = YES;
				CLANG_WARN_BOOL_CONVERSION = YES;
				CLANG_WARN_COMMA = YES;
				CLANG_WARN_CONSTANT_CONVERSION = YES;
				CLANG_WARN_DEPRECATED_OBJC_IMPLEMENTATIONS = YES;
				CLANG_WARN_DIRECT_OBJC_ISA_USAGE = YES_ERROR;
				CLANG_WARN_DOCUMENTATION_COMMENTS = YES;
				CLANG_WARN_EMPTY_BODY = YES;
				CLANG_WARN_ENUM_CONVERSION = YES;
				CLANG_WARN_INFINITE_RECURSION = YES;
				CLANG_WARN_INT_CONVERSION = YES;
				CLANG_WARN_NON_LITERAL_NULL_CONVERSION = YES;
				CLANG_WARN_OBJC_IMPLICIT_RETAIN_SELF = YES;
				CLANG_WARN_OBJC_LITERAL_CONVERSION = YES;
				CLANG_WARN_OBJC_ROOT_CLASS = YES_ERROR;
				CLANG_WARN_QUOTED_INCLUDE_IN_FRAMEWORK_HEADER = YES;
				CLANG_WARN_RANGE_LOOP_ANALYSIS = YES;
				CLANG_WARN_STRICT_PROTOTYPES = YES;
				CLANG_WARN_SUSPICIOUS_MOVE = YES;
				CLANG_WARN_UNGUARDED_AVAILABILITY = YES_AGGRESSIVE;
				CLANG_WARN_UNREACHABLE_CODE = YES;
				CLANG_WARN__DUPLICATE_METHOD_MATCH = YES;
				COPY_PHASE_STRIP = NO;
				DEBUG_INFORMATION_FORMAT = "dwarf-with-dsym";
				ENABLE_NS_ASSERTIONS = NO;
				ENABLE_STRICT_OBJC_MSGSEND = YES;
				GCC_C_LANGUAGE_STANDARD = gnu11;
				GCC_NO_COMMON_BLOCKS = YES;
				GCC_WARN_64_TO_32_BIT_CONVERSION = YES;
				GCC_WARN_ABOUT_RETURN_TYPE = YES_ERROR;
				GCC_WARN_UNDECLARED_SELECTOR = YES;
				GCC_WARN_UNINITIALIZED_AUTOS = YES_AGGRESSIVE;
				GCC_WARN_UNUSED_FUNCTION = YES;
				GCC_WARN_UNUSED_VARIABLE = YES;
				IPHONEOS_DEPLOYMENT_TARGET = 16.0;
				MTL_ENABLE_DEBUG_INFO = NO;
				MTL_FAST_MATH = YES;
				SDKROOT = iphoneos;
				SWIFT_COMPILATION_MODE = wholemodule;
				SWIFT_OPTIMIZATION_LEVEL = "-O";
				VALIDATE_PRODUCT = YES;
			};
			name = Release;
		};
		5CA7F7C22996E1F00033D92A /* Debug */ = {
			isa = XCBuildConfiguration;
			buildSettings = {
				ASSETCATALOG_COMPILER_APPICON_NAME = AppIcon;
				ASSETCATALOG_COMPILER_GLOBAL_ACCENT_COLOR_NAME = AccentColor;
				CODE_SIGN_STYLE = Automatic;
				CURRENT_PROJECT_VERSION = 1;
				DEVELOPMENT_TEAM = 6N4HMYH8YX;
				GENERATE_INFOPLIST_FILE = YES;
				INFOPLIST_FILE = LimonApp/Resources/Info.plist;
				INFOPLIST_KEY_UIApplicationSupportsIndirectInputEvents = YES;
				INFOPLIST_KEY_UILaunchStoryboardName = LaunchScreen;
				INFOPLIST_KEY_UIMainStoryboardFile = Main;
				INFOPLIST_KEY_UISupportedInterfaceOrientations_iPad = "UIInterfaceOrientationPortrait UIInterfaceOrientationPortraitUpsideDown UIInterfaceOrientationLandscapeLeft UIInterfaceOrientationLandscapeRight";
				INFOPLIST_KEY_UISupportedInterfaceOrientations_iPhone = "UIInterfaceOrientationPortrait UIInterfaceOrientationLandscapeLeft UIInterfaceOrientationLandscapeRight";
				LD_RUNPATH_SEARCH_PATHS = (
					"$(inherited)",
					"@executable_path/Frameworks",
				);
				MARKETING_VERSION = 1.0;
				PRODUCT_BUNDLE_IDENTIFIER = com.turancabuk.LimonApp;
				PRODUCT_NAME = "$(TARGET_NAME)";
				SWIFT_EMIT_LOC_STRINGS = YES;
				SWIFT_VERSION = 5.0;
				TARGETED_DEVICE_FAMILY = "1,2";
			};
			name = Debug;
		};
		5CA7F7C32996E1F00033D92A /* Release */ = {
			isa = XCBuildConfiguration;
			buildSettings = {
				ASSETCATALOG_COMPILER_APPICON_NAME = AppIcon;
				ASSETCATALOG_COMPILER_GLOBAL_ACCENT_COLOR_NAME = AccentColor;
				CODE_SIGN_STYLE = Automatic;
				CURRENT_PROJECT_VERSION = 1;
				DEVELOPMENT_TEAM = 6N4HMYH8YX;
				GENERATE_INFOPLIST_FILE = YES;
				INFOPLIST_FILE = LimonApp/Resources/Info.plist;
				INFOPLIST_KEY_UIApplicationSupportsIndirectInputEvents = YES;
				INFOPLIST_KEY_UILaunchStoryboardName = LaunchScreen;
				INFOPLIST_KEY_UIMainStoryboardFile = Main;
				INFOPLIST_KEY_UISupportedInterfaceOrientations_iPad = "UIInterfaceOrientationPortrait UIInterfaceOrientationPortraitUpsideDown UIInterfaceOrientationLandscapeLeft UIInterfaceOrientationLandscapeRight";
				INFOPLIST_KEY_UISupportedInterfaceOrientations_iPhone = "UIInterfaceOrientationPortrait UIInterfaceOrientationLandscapeLeft UIInterfaceOrientationLandscapeRight";
				LD_RUNPATH_SEARCH_PATHS = (
					"$(inherited)",
					"@executable_path/Frameworks",
				);
				MARKETING_VERSION = 1.0;
				PRODUCT_BUNDLE_IDENTIFIER = com.turancabuk.LimonApp;
				PRODUCT_NAME = "$(TARGET_NAME)";
				SWIFT_EMIT_LOC_STRINGS = YES;
				SWIFT_VERSION = 5.0;
				TARGETED_DEVICE_FAMILY = "1,2";
			};
			name = Release;
		};
/* End XCBuildConfiguration section */

/* Begin XCConfigurationList section */
		5CA7F7A82996E1F00033D92A /* Build configuration list for PBXProject "LimonApp" */ = {
			isa = XCConfigurationList;
			buildConfigurations = (
				5CA7F7BF2996E1F00033D92A /* Debug */,
				5CA7F7C02996E1F00033D92A /* Release */,
			);
			defaultConfigurationIsVisible = 0;
			defaultConfigurationName = Release;
		};
		5CA7F7C12996E1F00033D92A /* Build configuration list for PBXNativeTarget "LimonApp" */ = {
			isa = XCConfigurationList;
			buildConfigurations = (
				5CA7F7C22996E1F00033D92A /* Debug */,
				5CA7F7C32996E1F00033D92A /* Release */,
			);
			defaultConfigurationIsVisible = 0;
			defaultConfigurationName = Release;
		};
/* End XCConfigurationList section */

/* Begin XCRemoteSwiftPackageReference section */
		5CC22E5D29A0168600AB9D91 /* XCRemoteSwiftPackageReference "SDWebImage" */ = {
			isa = XCRemoteSwiftPackageReference;
			repositoryURL = "https://github.com/SDWebImage/SDWebImage.git";
			requirement = {
				branch = master;
				kind = branch;
			};
		};
/* End XCRemoteSwiftPackageReference section */

/* Begin XCSwiftPackageProductDependency section */
		5CC22E5E29A0168600AB9D91 /* SDWebImage */ = {
			isa = XCSwiftPackageProductDependency;
			package = 5CC22E5D29A0168600AB9D91 /* XCRemoteSwiftPackageReference "SDWebImage" */;
			productName = SDWebImage;
		};
/* End XCSwiftPackageProductDependency section */
	};
	rootObject = 5CA7F7A52996E1F00033D92A /* Project object */;
}
